
Microsoft Visual Studio Solution File, Format Version 12.00
# Visual Studio Version 16
VisualStudioVersion = 16.0.31105.61
MinimumVisualStudioVersion = 10.0.40219.1
Project("{8BC9CEB8-8B4A-11D0-8D11-00A0C91BC942}") = "FileIconOverlay", "FileIconOverlay\FileIconOverlay.vcxproj", "{0D90161A-5D91-4A35-AEF2-8C6C39FC737B}"
EndProject
Project("{8BC9CEB8-8B4A-11D0-8D11-00A0C91BC942}") = "FileIconOverlayPS", "FileIconOverlayPS\FileIconOverlayPS.vcxproj", "{33687316-5FDC-4E04-B121-75F095FAD4A1}"
	ProjectSection(ProjectDependencies) = postProject
		{0D90161A-5D91-4A35-AEF2-8C6C39FC737B} = {0D90161A-5D91-4A35-AEF2-8C6C39FC737B}
	EndProjectSection
EndProject
Global
	GlobalSection(SolutionConfigurationPlatforms) = preSolution
		Debug|x64 = Debug|x64
		Debug|x86 = Debug|x86
		Release|x64 = Release|x64
		Release|x86 = Release|x86
	EndGlobalSection
	GlobalSection(ProjectConfigurationPlatforms) = postSolution
		{0D90161A-5D91-4A35-AEF2-8C6C39FC737B}.Debug|x64.ActiveCfg = Debug|x64
		{0D90161A-5D91-4A35-AEF2-8C6C39FC737B}.Debug|x64.Build.0 = Debug|x64
		{0D90161A-5D91-4A35-AEF2-8C6C39FC737B}.Debug|x86.ActiveCfg = Debug|Win32
		{0D90161A-5D91-4A35-AEF2-8C6C39FC737B}.Debug|x86.Build.0 = Debug|Win32
		{0D90161A-5D91-4A35-AEF2-8C6C39FC737B}.Release|x64.ActiveCfg = Release|x64
		{0D90161A-5D91-4A35-AEF2-8C6C39FC737B}.Release|x64.Build.0 = Release|x64
		{0D90161A-5D91-4A35-AEF2-8C6C39FC737B}.Release|x86.ActiveCfg = Release|Win32
		{0D90161A-5D91-4A35-AEF2-8C6C39FC737B}.Release|x86.Build.0 = Release|Win32
		{33687316-5FDC-4E04-B121-75F095FAD4A1}.Debug|x64.ActiveCfg = Debug|x64
		{33687316-5FDC-4E04-B121-75F095FAD4A1}.Debug|x86.ActiveCfg = Debug|Win32
		{33687316-5FDC-4E04-B121-75F095FAD4A1}.Release|x64.ActiveCfg = Release|x64
		{33687316-5FDC-4E04-B121-75F095FAD4A1}.Release|x86.ActiveCfg = Release|Win32
	EndGlobalSection
	GlobalSection(SolutionProperties) = preSolution
		HideSolutionNode = FALSE
	EndGlobalSection
	GlobalSection(ExtensibilityGlobals) = postSolution
		SolutionGuid = {2B45743A-0169-4068-9ABB-A49083B447CB}
	EndGlobalSection
EndGlobal
